// !$*UTF8*$!
{
	archiveVersion = 1;
	classes = {
	};
	objectVersion = 60;
	objects = {

/* Begin PBXBuildFile section */
		C000000000000000000001C1 /* SixthSeatApp.swift in Sources */ = {isa = PBXBuildFile; fileRef = B000000000000000000001B1 /* SixthSeatApp.swift */; };
		C000000000000000000002C1 /* ContentView.swift in Sources */ = {isa = PBXBuildFile; fileRef = B000000000000000000002B1 /* ContentView.swift */; };
		C000000000000000000003C1 /* Assets.xcassets in Resources */ = {isa = PBXBuildFile; fileRef = B000000000000000000004B1 /* Assets.xcassets */; };
		C000000000000000000004C1 /* Disclosures.plist in Resources */ = {isa = PBXBuildFile; fileRef = B000000000000000000003B1 /* Disclosures.plist */; };
		C000000000000000000005C1 /* SmokeTests.swift in Sources */ = {isa = PBXBuildFile; fileRef = B000000000000000000005B1 /* SmokeTests.swift */; };
		C000000000000000000006C1 /* SixthSeat in Frameworks */ = {isa = PBXBuildFile; productRef = E100000000000000000001E1 /* SixthSeat */; };
		C000000000000000000007C1 /* CardView.swift in Sources */ = {isa = PBXBuildFile; fileRef = B000000000000000000009B1 /* CardView.swift */; };
		C000000000000000000008C1 /* BetZoneView.swift in Sources */ = {isa = PBXBuildFile; fileRef = B00000000000000000000AB1 /* BetZoneView.swift */; };
		C000000000000000000009C1 /* ChipStackView.swift in Sources */ = {isa = PBXBuildFile; fileRef = B00000000000000000000BB1 /* ChipStackView.swift */; };
		C00000000000000000000AC1 /* GameTableView.swift in Sources */ = {isa = PBXBuildFile; fileRef = B00000000000000000000CB1 /* GameTableView.swift */; };
		C00000000000000000000BC1 /* GameTableViewModel.swift in Sources */ = {isa = PBXBuildFile; fileRef = B00000000000000000000DB1 /* GameTableViewModel.swift */; };
		C00000000000000000000CC1 /* GameTableViewModelTests.swift in Sources */ = {isa = PBXBuildFile; fileRef = B00000000000000000000EB1 /* GameTableViewModelTests.swift */; };
		C00000000000000000000DC1 /* AnimationModel.swift in Sources */ = {isa = PBXBuildFile; fileRef = B00000000000000000000FB1 /* AnimationModel.swift */; };
		C00000000000000000000EC1 /* AnimationTests.swift in Sources */ = {isa = PBXBuildFile; fileRef = B0000000000000000000010B1 /* AnimationTests.swift */; };
		C00000000000000000000FC1 /* CeremonyView.swift in Sources */ = {isa = PBXBuildFile; fileRef = B0000000000000000000011B1 /* CeremonyView.swift */; };
		C0000000000000000000010C1 /* CeremonyTests.swift in Sources */ = {isa = PBXBuildFile; fileRef = B0000000000000000000012B1 /* CeremonyTests.swift */; };
/* End PBXBuildFile section */

/* Begin PBXContainerItemProxy section */
		E100000000000000000003E1 /* PBXContainerItemProxy */ = {
			isa = PBXContainerItemProxy;
			containerPortal = A000000000000000000001A1 /* Project object */;
			proxyType = 1;
			remoteGlobalIDString = A000000000000000000002A1;
			remoteInfo = SixthSeat;
		};
/* End PBXContainerItemProxy section */

/* Begin PBXFileReference section */
		B000000000000000000001B1 /* SixthSeatApp.swift */ = {isa = PBXFileReference; lastKnownFileType = sourcecode.swift; path = SixthSeatApp.swift; sourceTree = "<group>"; };
		B000000000000000000002B1 /* ContentView.swift */ = {isa = PBXFileReference; lastKnownFileType = sourcecode.swift; path = ContentView.swift; sourceTree = "<group>"; };
		B000000000000000000003B1 /* Disclosures.plist */ = {isa = PBXFileReference; lastKnownFileType = text.plist.xml; path = Disclosures.plist; sourceTree = "<group>"; };
		B000000000000000000004B1 /* Assets.xcassets */ = {isa = PBXFileReference; lastKnownFileType = folder.assetcatalog; path = Assets.xcassets; sourceTree = "<group>"; };
		B000000000000000000005B1 /* SmokeTests.swift */ = {isa = PBXFileReference; lastKnownFileType = sourcecode.swift; path = SmokeTests.swift; sourceTree = "<group>"; };
		B000000000000000000006B1 /* SixthSeatApp.app */ = {isa = PBXFileReference; explicitFileType = wrapper.application; includeInIndex = 0; path = SixthSeatApp.app; sourceTree = BUILT_PRODUCTS_DIR; };
		B000000000000000000007B1 /* AppTests.xctest */ = {isa = PBXFileReference; explicitFileType = wrapper.cfbundle; includeInIndex = 0; path = AppTests.xctest; sourceTree = BUILT_PRODUCTS_DIR; };
		B000000000000000000008B1 /* SixthSeat */ = {isa = PBXFileReference; lastKnownFileType = folder; path = SixthSeat; sourceTree = "<group>"; };
		B000000000000000000009B1 /* CardView.swift */ = {isa = PBXFileReference; lastKnownFileType = sourcecode.swift; path = CardView.swift; sourceTree = "<group>"; };
		B00000000000000000000AB1 /* BetZoneView.swift */ = {isa = PBXFileReference; lastKnownFileType = sourcecode.swift; path = BetZoneView.swift; sourceTree = "<group>"; };
		B00000000000000000000BB1 /* ChipStackView.swift */ = {isa = PBXFileReference; lastKnownFileType = sourcecode.swift; path = ChipStackView.swift; sourceTree = "<group>"; };
		B00000000000000000000CB1 /* GameTableView.swift */ = {isa = PBXFileReference; lastKnownFileType = sourcecode.swift; path = GameTableView.swift; sourceTree = "<group>"; };
		B00000000000000000000DB1 /* GameTableViewModel.swift */ = {isa = PBXFileReference; lastKnownFileType = sourcecode.swift; path = GameTableViewModel.swift; sourceTree = "<group>"; };
		B00000000000000000000EB1 /* GameTableViewModelTests.swift */ = {isa = PBXFileReference; lastKnownFileType = sourcecode.swift; path = GameTableViewModelTests.swift; sourceTree = "<group>"; };
		B00000000000000000000FB1 /* AnimationModel.swift */ = {isa = PBXFileReference; lastKnownFileType = sourcecode.swift; path = AnimationModel.swift; sourceTree = "<group>"; };
		B0000000000000000000010B1 /* AnimationTests.swift */ = {isa = PBXFileReference; lastKnownFileType = sourcecode.swift; path = AnimationTests.swift; sourceTree = "<group>"; };
		B0000000000000000000011B1 /* CeremonyView.swift */ = {isa = PBXFileReference; lastKnownFileType = sourcecode.swift; path = CeremonyView.swift; sourceTree = "<group>"; };
		B0000000000000000000012B1 /* CeremonyTests.swift */ = {isa = PBXFileReference; lastKnownFileType = sourcecode.swift; path = CeremonyTests.swift; sourceTree = "<group>"; };
/* End PBXFileReference section */

/* Begin PBXFrameworksBuildPhase section */
		D000000000000000000003D1 /* Frameworks */ = {
			isa = PBXFrameworksBuildPhase;
			buildActionMask = 2147483647;
			files = (
				C000000000000000000006C1 /* SixthSeat in Frameworks */,
			);
			runOnlyForDeploymentPostprocessing = 0;
		};
		D000000000000000000006D1 /* Frameworks */ = {
			isa = PBXFrameworksBuildPhase;
			buildActionMask = 2147483647;
			files = (
			);
			runOnlyForDeploymentPostprocessing = 0;
		};
/* End PBXFrameworksBuildPhase section */

/* Begin PBXGroup section */
		A000000000000000000004A1 = {
			isa = PBXGroup;
			children = (
				A000000000000000000006A1 /* App */,
				A000000000000000000007A1 /* AppTests */,
				B000000000000000000008B1 /* SixthSeat */,
				A000000000000000000005A1 /* Products */,
			);
			sourceTree = "<group>";
		};
		A000000000000000000005A1 /* Products */ = {
			isa = PBXGroup;
			children = (
				B000000000000000000006B1 /* SixthSeatApp.app */,
				B000000000000000000007B1 /* AppTests.xctest */,
			);
			name = Products;
			sourceTree = "<group>";
		};
		A000000000000000000006A1 /* App */ = {
			isa = PBXGroup;
			children = (
				B000000000000000000001B1 /* SixthSeatApp.swift */,
				B000000000000000000002B1 /* ContentView.swift */,
				A000000000000000000009A1 /* Views */,
				A00000000000000000000AA1 /* ViewModels */,
				B000000000000000000004B1 /* Assets.xcassets */,
				B000000000000000000003B1 /* Disclosures.plist */,
			);
			path = App;
			sourceTree = "<group>";
		};
		A000000000000000000007A1 /* AppTests */ = {
			isa = PBXGroup;
			children = (
				B000000000000000000005B1 /* SmokeTests.swift */,
				B00000000000000000000EB1 /* GameTableViewModelTests.swift */,
				B0000000000000000000010B1 /* AnimationTests.swift */,
				B0000000000000000000012B1 /* CeremonyTests.swift */,
			);
			path = AppTests;
			sourceTree = "<group>";
		};
		A000000000000000000009A1 /* Views */ = {
			isa = PBXGroup;
			children = (
				B000000000000000000009B1 /* CardView.swift */,
				B00000000000000000000AB1 /* BetZoneView.swift */,
				B00000000000000000000BB1 /* ChipStackView.swift */,
				B00000000000000000000CB1 /* GameTableView.swift */,
				B0000000000000000000011B1 /* CeremonyView.swift */,
			);
			path = Views;
			sourceTree = "<group>";
		};
		A00000000000000000000AA1 /* ViewModels */ = {
			isa = PBXGroup;
			children = (
				B00000000000000000000DB1 /* GameTableViewModel.swift */,
				B00000000000000000000FB1 /* AnimationModel.swift */,
			);
			path = ViewModels;
			sourceTree = "<group>";
		};
/* End PBXGroup section */

/* Begin PBXNativeTarget section */
		A000000000000000000002A1 /* SixthSeatApp */ = {
			isa = PBXNativeTarget;
			buildConfigurationList = F000000000000000000002F1 /* Build configuration list for PBXNativeTarget "SixthSeatApp" */;
			buildPhases = (
				D000000000000000000001D1 /* Sources */,
				D000000000000000000003D1 /* Frameworks */,
				D000000000000000000002D1 /* Resources */,
			);
			buildRules = (
			);
			dependencies = (
			);
			name = SixthSeatApp;
			packageProductDependencies = (
				E100000000000000000001E1 /* SixthSeat */,
			);
			productName = SixthSeatApp;
			productReference = B000000000000000000006B1 /* SixthSeatApp.app */;
			productType = "com.apple.product-type.application";
		};
		A000000000000000000003A1 /* AppTests */ = {
			isa = PBXNativeTarget;
			buildConfigurationList = F000000000000000000003F1 /* Build configuration list for PBXNativeTarget "AppTests" */;
			buildPhases = (
				D000000000000000000004D1 /* Sources */,
				D000000000000000000006D1 /* Frameworks */,
				D000000000000000000005D1 /* Resources */,
			);
			buildRules = (
			);
			dependencies = (
				E100000000000000000002E1 /* PBXTargetDependency */,
			);
			name = AppTests;
			packageProductDependencies = (
			);
			productName = AppTests;
			productReference = B000000000000000000007B1 /* AppTests.xctest */;
			productType = "com.apple.product-type.bundle.unit-test";
		};
/* End PBXNativeTarget section */

/* Begin PBXProject section */
		A000000000000000000001A1 /* Project object */ = {
			isa = PBXProject;
			attributes = {
				BuildIndependentTargetsInParallel = 1;
				LastSwiftUpdateCheck = 1500;
				LastUpgradeCheck = 1500;
				TargetAttributes = {
					A000000000000000000002A1 = {
						CreatedOnToolsVersion = 15.0;
					};
					A000000000000000000003A1 = {
						CreatedOnToolsVersion = 15.0;
						TestTargetID = A000000000000000000002A1;
					};
				};
			};
			buildConfigurationList = F000000000000000000001F1 /* Build configuration list for PBXProject "SixthSeat" */;
			compatibilityVersion = "Xcode 15.0";
			developmentRegion = en;
			hasScannedForEncodings = 0;
			knownRegions = (
				en,
				Base,
			);
			mainGroup = A000000000000000000004A1;
			packageReferences = (
				A000000000000000000008A1 /* XCLocalSwiftPackageReference "SixthSeat" */,
			);
			productRefGroup = A000000000000000000005A1 /* Products */;
			projectDirPath = "";
			projectRoot = "";
			targets = (
				A000000000000000000002A1 /* SixthSeatApp */,
				A000000000000000000003A1 /* AppTests */,
			);
		};
/* End PBXProject section */

/* Begin PBXResourcesBuildPhase section */
		D000000000000000000002D1 /* Resources */ = {
			isa = PBXResourcesBuildPhase;
			buildActionMask = 2147483647;
			files = (
				C000000000000000000003C1 /* Assets.xcassets in Resources */,
				C000000000000000000004C1 /* Disclosures.plist in Resources */,
			);
			runOnlyForDeploymentPostprocessing = 0;
		};
		D000000000000000000005D1 /* Resources */ = {
			isa = PBXResourcesBuildPhase;
			buildActionMask = 2147483647;
			files = (
			);
			runOnlyForDeploymentPostprocessing = 0;
		};
/* End PBXResourcesBuildPhase section */

/* Begin PBXSourcesBuildPhase section */
		D000000000000000000001D1 /* Sources */ = {
			isa = PBXSourcesBuildPhase;
			buildActionMask = 2147483647;
			files = (
				C000000000000000000002C1 /* ContentView.swift in Sources */,
				C000000000000000000001C1 /* SixthSeatApp.swift in Sources */,
				C000000000000000000007C1 /* CardView.swift in Sources */,
				C000000000000000000008C1 /* BetZoneView.swift in Sources */,
				C000000000000000000009C1 /* ChipStackView.swift in Sources */,
				C00000000000000000000AC1 /* GameTableView.swift in Sources */,
				C00000000000000000000BC1 /* GameTableViewModel.swift in Sources */,
				C00000000000000000000DC1 /* AnimationModel.swift in Sources */,
				C00000000000000000000FC1 /* CeremonyView.swift in Sources */,
			);
			runOnlyForDeploymentPostprocessing = 0;
		};
		D000000000000000000004D1 /* Sources */ = {
			isa = PBXSourcesBuildPhase;
			buildActionMask = 2147483647;
			files = (
				C000000000000000000005C1 /* SmokeTests.swift in Sources */,
				C00000000000000000000CC1 /* GameTableViewModelTests.swift in Sources */,
				C00000000000000000000EC1 /* AnimationTests.swift in Sources */,
				C0000000000000000000010C1 /* CeremonyTests.swift in Sources */,
			);
			runOnlyForDeploymentPostprocessing = 0;
		};
/* End PBXSourcesBuildPhase section */

/* Begin PBXTargetDependency section */
		E100000000000000000002E1 /* PBXTargetDependency */ = {
			isa = PBXTargetDependency;
			target = A000000000000000000002A1 /* SixthSeat */;
			targetProxy = E100000000000000000003E1 /* PBXContainerItemProxy */;
		};
/* End PBXTargetDependency section */

/* Begin XCBuildConfiguration section */
		E000000000000000000001E1 /* Debug */ = {
			isa = XCBuildConfiguration;
			buildSettings = {
				ALWAYS_SEARCH_USER_PATHS = NO;
				ASSETCATALOG_COMPILER_GENERATE_SWIFT_ASSET_SYMBOL_EXTENSIONS = YES;
				CLANG_ANALYZER_NONNULL = YES;
				CLANG_ANALYZER_NUMBER_OBJECT_CONVERSION = YES_AGGRESSIVE;
				CLANG_CXX_LANGUAGE_STANDARD = "gnu++20";
				CLANG_ENABLE_MODULES = YES;
				CLANG_ENABLE_OBJC_ARC = YES;
				CLANG_ENABLE_OBJC_WEAK = YES;
				CLANG_WARN_BLOCK_CAPTURE_AUTORELEASING = YES;
				CLANG_WARN_BOOL_CONVERSION = YES;
				CLANG_WARN_COMMA = YES;
				CLANG_WARN_CONSTANT_CONVERSION = YES;
				CLANG_WARN_DEPRECATED_OBJC_IMPLEMENTATIONS = YES;
				CLANG_WARN_DIRECT_OBJC_ISA_USAGE = YES_ERROR;
				CLANG_WARN_DOCUMENTATION_COMMENTS = YES;
				CLANG_WARN_EMPTY_BODY = YES;
				CLANG_WARN_ENUM_CONVERSION = YES;
				CLANG_WARN_INFINITE_RECURSION = YES;
				CLANG_WARN_INT_CONVERSION = YES;
				CLANG_WARN_NON_LITERAL_NULL_CONVERSION = YES;
				CLANG_WARN_OBJC_IMPLICIT_RETAIN_SELF = YES;
				CLANG_WARN_OBJC_LITERAL_CONVERSION = YES;
				CLANG_WARN_OBJC_ROOT_CLASS = YES_ERROR;
				CLANG_WARN_QUOTED_INCLUDE_IN_FRAMEWORK_HEADER = YES;
				CLANG_WARN_RANGE_LOOP_ANALYSIS = YES;
				CLANG_WARN_STRICT_PROTOTYPES = YES;
				CLANG_WARN_SUSPICIOUS_MOVE = YES;
				CLANG_WARN_UNGUARDED_AVAILABILITY = YES_AGGRESSIVE;
				CLANG_WARN_UNREACHABLE_CODE = YES;
				CLANG_WARN__DUPLICATE_METHOD_MATCH = YES;
				COPY_PHASE_STRIP = NO;
				DEBUG_INFORMATION_FORMAT = dwarf;
				ENABLE_STRICT_OBJC_MSGSEND = YES;
				ENABLE_TESTABILITY = YES;
				ENABLE_USER_SCRIPT_SANDBOXING = YES;
				GCC_C_LANGUAGE_STANDARD = gnu17;
				GCC_DYNAMIC_NO_PIC = NO;
				GCC_NO_COMMON_BLOCKS = YES;
				GCC_OPTIMIZATION_LEVEL = 0;
				GCC_PREPROCESSOR_DEFINITIONS = (
					"DEBUG=1",
					"$(inherited)",
				);
				GCC_WARN_64_TO_32_BIT_CONVERSION = YES;
				GCC_WARN_ABOUT_RETURN_TYPE = YES_ERROR;
				GCC_WARN_UNDECLARED_SELECTOR = YES;
				GCC_WARN_UNINITIALIZED_AUTOS = YES_AGGRESSIVE;
				GCC_WARN_UNUSED_FUNCTION = YES;
				GCC_WARN_UNUSED_VARIABLE = YES;
				IPHONEOS_DEPLOYMENT_TARGET = 17.0;
				LOCALIZATION_PREFERS_STRING_CATALOGS = YES;
				MACOSX_DEPLOYMENT_TARGET = 14.0;
				MTL_ENABLE_DEBUG_INFO = INCLUDE_SOURCE;
				MTL_FAST_MATH = YES;
				ONLY_ACTIVE_ARCH = YES;
				SWIFT_ACTIVE_COMPILATION_CONDITIONS = "DEBUG $(inherited)";
				SWIFT_OPTIMIZATION_LEVEL = "-Onone";
			};
			name = Debug;
		};
		E000000000000000000002E1 /* Release */ = {
			isa = XCBuildConfiguration;
			buildSettings = {
				ALWAYS_SEARCH_USER_PATHS = NO;
				ASSETCATALOG_COMPILER_GENERATE_SWIFT_ASSET_SYMBOL_EXTENSIONS = YES;
				CLANG_ANALYZER_NONNULL = YES;
				CLANG_ANALYZER_NUMBER_OBJECT_CONVERSION = YES_AGGRESSIVE;
				CLANG_CXX_LANGUAGE_STANDARD = "gnu++20";
				CLANG_ENABLE_MODULES = YES;
				CLANG_ENABLE_OBJC_ARC = YES;
				CLANG_ENABLE_OBJC_WEAK = YES;
				CLANG_WARN_BLOCK_CAPTURE_AUTORELEASING = YES;
				CLANG_WARN_BOOL_CONVERSION = YES;
				CLANG_WARN_COMMA = YES;
				CLANG_WARN_CONSTANT_CONVERSION = YES;
				CLANG_WARN_DEPRECATED_OBJC_IMPLEMENTATIONS = YES;
				CLANG_WARN_DIRECT_OBJC_ISA_USAGE = YES_ERROR;
				CLANG_WARN_DOCUMENTATION_COMMENTS = YES;
				CLANG_WARN_EMPTY_BODY = YES;
				CLANG_WARN_ENUM_CONVERSION = YES;
				CLANG_WARN_INFINITE_RECURSION = YES;
				CLANG_WARN_INT_CONVERSION = YES;
				CLANG_WARN_NON_LITERAL_NULL_CONVERSION = YES;
				CLANG_WARN_OBJC_IMPLICIT_RETAIN_SELF = YES;
				CLANG_WARN_OBJC_LITERAL_CONVERSION = YES;
				CLANG_WARN_OBJC_ROOT_CLASS = YES_ERROR;
				CLANG_WARN_QUOTED_INCLUDE_IN_FRAMEWORK_HEADER = YES;
				CLANG_WARN_RANGE_LOOP_ANALYSIS = YES;
				CLANG_WARN_STRICT_PROTOTYPES = YES;
				CLANG_WARN_SUSPICIOUS_MOVE = YES;
				CLANG_WARN_UNGUARDED_AVAILABILITY = YES_AGGRESSIVE;
				CLANG_WARN_UNREACHABLE_CODE = YES;
				CLANG_WARN__DUPLICATE_METHOD_MATCH = YES;
				COPY_PHASE_STRIP = NO;
				DEBUG_INFORMATION_FORMAT = "dwarf-with-dsym";
				ENABLE_NS_ASSERTIONS = NO;
				ENABLE_STRICT_OBJC_MSGSEND = YES;
				ENABLE_USER_SCRIPT_SANDBOXING = YES;
				GCC_C_LANGUAGE_STANDARD = gnu17;
				GCC_NO_COMMON_BLOCKS = YES;
				GCC_WARN_64_TO_32_BIT_CONVERSION = YES;
				GCC_WARN_ABOUT_RETURN_TYPE = YES_ERROR;
				GCC_WARN_UNDECLARED_SELECTOR = YES;
				GCC_WARN_UNINITIALIZED_AUTOS = YES_AGGRESSIVE;
				GCC_WARN_UNUSED_FUNCTION = YES;
				GCC_WARN_UNUSED_VARIABLE = YES;
				IPHONEOS_DEPLOYMENT_TARGET = 17.0;
				LOCALIZATION_PREFERS_STRING_CATALOGS = YES;
				MACOSX_DEPLOYMENT_TARGET = 14.0;
				MTL_ENABLE_DEBUG_INFO = NO;
				MTL_FAST_MATH = YES;
				SWIFT_COMPILATION_MODE = wholemodule;
			};
			name = Release;
		};
		E000000000000000000003E1 /* Debug */ = {
			isa = XCBuildConfiguration;
			buildSettings = {
				ASSETCATALOG_COMPILER_APPICON_NAME = AppIcon;
				ASSETCATALOG_COMPILER_GLOBAL_ACCENT_COLOR_NAME = AccentColor;
				CODE_SIGN_STYLE = Automatic;
				CURRENT_PROJECT_VERSION = 1;
				ENABLE_HARDENED_RUNTIME = YES;
				ENABLE_PREVIEWS = YES;
				GENERATE_INFOPLIST_FILE = YES;
				INFOPLIST_KEY_CFBundleDisplayName = "6th Seat";
				INFOPLIST_KEY_LSApplicationCategoryType = "public.app-category.card-games";
				INFOPLIST_KEY_NSHumanReadableCopyright = "";
				INFOPLIST_KEY_UIApplicationSceneManifest_Generation = YES;
				INFOPLIST_KEY_UIApplicationSupportsIndirectInputEvents = YES;
				INFOPLIST_KEY_UILaunchScreen_Generation = YES;
				INFOPLIST_KEY_UISupportedInterfaceOrientations_iPad = "UIInterfaceOrientationPortrait UIInterfaceOrientationPortraitUpsideDown UIInterfaceOrientationLandscapeLeft UIInterfaceOrientationLandscapeRight";
				INFOPLIST_KEY_UISupportedInterfaceOrientations_iPhone = UIInterfaceOrientationPortrait;
				IPHONEOS_DEPLOYMENT_TARGET = 17.0;
				LD_RUNPATH_SEARCH_PATHS = (
					"$(inherited)",
					"@executable_path/Frameworks",
					"@executable_path/../Frameworks",
				);
				MACOSX_DEPLOYMENT_TARGET = 14.0;
				MARKETING_VERSION = 1.0;
				PRODUCT_BUNDLE_IDENTIFIER = com.sixthseat.uth;
				PRODUCT_NAME = "$(TARGET_NAME)";
				SDKROOT = auto;
				SUPPORTED_PLATFORMS = "iphoneos iphonesimulator macosx";
				SUPPORTS_MACCATALYST = NO;
				SUPPORTS_MAC_DESIGNED_FOR_IPHONE_IPAD = NO;
				SWIFT_EMIT_LOC_STRINGS = YES;
				SWIFT_VERSION = 5.0;
				TARGETED_DEVICE_FAMILY = "1,2";
			};
			name = Debug;
		};
		E000000000000000000004E1 /* Release */ = {
			isa = XCBuildConfiguration;
			buildSettings = {
				ASSETCATALOG_COMPILER_APPICON_NAME = AppIcon;
				ASSETCATALOG_COMPILER_GLOBAL_ACCENT_COLOR_NAME = AccentColor;
				CODE_SIGN_STYLE = Automatic;
				CURRENT_PROJECT_VERSION = 1;
				ENABLE_HARDENED_RUNTIME = YES;
				ENABLE_PREVIEWS = YES;
				GENERATE_INFOPLIST_FILE = YES;
				INFOPLIST_KEY_CFBundleDisplayName = "6th Seat";
				INFOPLIST_KEY_LSApplicationCategoryType = "public.app-category.card-games";
				INFOPLIST_KEY_NSHumanReadableCopyright = "";
				INFOPLIST_KEY_UIApplicationSceneManifest_Generation = YES;
				INFOPLIST_KEY_UIApplicationSupportsIndirectInputEvents = YES;
				INFOPLIST_KEY_UILaunchScreen_Generation = YES;
				INFOPLIST_KEY_UISupportedInterfaceOrientations_iPad = "UIInterfaceOrientationPortrait UIInterfaceOrientationPortraitUpsideDown UIInterfaceOrientationLandscapeLeft UIInterfaceOrientationLandscapeRight";
				INFOPLIST_KEY_UISupportedInterfaceOrientations_iPhone = UIInterfaceOrientationPortrait;
				IPHONEOS_DEPLOYMENT_TARGET = 17.0;
				LD_RUNPATH_SEARCH_PATHS = (
					"$(inherited)",
					"@executable_path/Frameworks",
					"@executable_path/../Frameworks",
				);
				MACOSX_DEPLOYMENT_TARGET = 14.0;
				MARKETING_VERSION = 1.0;
				PRODUCT_BUNDLE_IDENTIFIER = com.sixthseat.uth;
				PRODUCT_NAME = "$(TARGET_NAME)";
				SDKROOT = auto;
				SUPPORTED_PLATFORMS = "iphoneos iphonesimulator macosx";
				SUPPORTS_MACCATALYST = NO;
				SUPPORTS_MAC_DESIGNED_FOR_IPHONE_IPAD = NO;
				SWIFT_EMIT_LOC_STRINGS = YES;
				SWIFT_VERSION = 5.0;
				TARGETED_DEVICE_FAMILY = "1,2";
			};
			name = Release;
		};
		E000000000000000000005E1 /* Debug */ = {
			isa = XCBuildConfiguration;
			buildSettings = {
				BUNDLE_LOADER = "$(TEST_HOST)";
				CODE_SIGN_STYLE = Automatic;
				CURRENT_PROJECT_VERSION = 1;
				GENERATE_INFOPLIST_FILE = YES;
				IPHONEOS_DEPLOYMENT_TARGET = 17.0;
				MACOSX_DEPLOYMENT_TARGET = 14.0;
				MARKETING_VERSION = 1.0;
				PRODUCT_BUNDLE_IDENTIFIER = com.sixthseat.uth.AppTests;
				PRODUCT_NAME = "$(TARGET_NAME)";
				SDKROOT = auto;
				SUPPORTED_PLATFORMS = "iphoneos iphonesimulator macosx";
				SUPPORTS_MACCATALYST = NO;
				SUPPORTS_MAC_DESIGNED_FOR_IPHONE_IPAD = NO;
				SWIFT_EMIT_LOC_STRINGS = NO;
				SWIFT_VERSION = 5.0;
				TARGETED_DEVICE_FAMILY = "1,2";
				TEST_HOST = "$(BUILT_PRODUCTS_DIR)/SixthSeatApp.app/$(BUNDLE_EXECUTABLE_FOLDER_PATH)/SixthSeatApp";
			};
			name = Debug;
		};
		E000000000000000000006E1 /* Release */ = {
			isa = XCBuildConfiguration;
			buildSettings = {
				BUNDLE_LOADER = "$(TEST_HOST)";
				CODE_SIGN_STYLE = Automatic;
				CURRENT_PROJECT_VERSION = 1;
				GENERATE_INFOPLIST_FILE = YES;
				IPHONEOS_DEPLOYMENT_TARGET = 17.0;
				MACOSX_DEPLOYMENT_TARGET = 14.0;
				MARKETING_VERSION = 1.0;
				PRODUCT_BUNDLE_IDENTIFIER = com.sixthseat.uth.AppTests;
				PRODUCT_NAME = "$(TARGET_NAME)";
				SDKROOT = auto;
				SUPPORTED_PLATFORMS = "iphoneos iphonesimulator macosx";
				SUPPORTS_MACCATALYST = NO;
				SUPPORTS_MAC_DESIGNED_FOR_IPHONE_IPAD = NO;
				SWIFT_EMIT_LOC_STRINGS = NO;
				SWIFT_VERSION = 5.0;
				TARGETED_DEVICE_FAMILY = "1,2";
				TEST_HOST = "$(BUILT_PRODUCTS_DIR)/SixthSeatApp.app/$(BUNDLE_EXECUTABLE_FOLDER_PATH)/SixthSeatApp";
			};
			name = Release;
		};
/* End XCBuildConfiguration section */

/* Begin XCConfigurationList section */
		F000000000000000000001F1 /* Build configuration list for PBXProject "SixthSeat" */ = {
			isa = XCConfigurationList;
			buildConfigurations = (
				E000000000000000000001E1 /* Debug */,
				E000000000000000000002E1 /* Release */,
			);
			defaultConfigurationIsVisible = 0;
			defaultConfigurationName = Release;
		};
		F000000000000000000002F1 /* Build configuration list for PBXNativeTarget "SixthSeatApp" */ = {
			isa = XCConfigurationList;
			buildConfigurations = (
				E000000000000000000003E1 /* Debug */,
				E000000000000000000004E1 /* Release */,
			);
			defaultConfigurationIsVisible = 0;
			defaultConfigurationName = Release;
		};
		F000000000000000000003F1 /* Build configuration list for PBXNativeTarget "AppTests" */ = {
			isa = XCConfigurationList;
			buildConfigurations = (
				E000000000000000000005E1 /* Debug */,
				E000000000000000000006E1 /* Release */,
			);
			defaultConfigurationIsVisible = 0;
			defaultConfigurationName = Release;
		};
/* End XCConfigurationList section */

/* Begin XCLocalSwiftPackageReference section */
		A000000000000000000008A1 /* XCLocalSwiftPackageReference "SixthSeat" */ = {
			isa = XCLocalSwiftPackageReference;
			relativePath = SixthSeat;
		};
/* End XCLocalSwiftPackageReference section */

/* Begin XCSwiftPackageProductDependency section */
		E100000000000000000001E1 /* SixthSeat */ = {
			isa = XCSwiftPackageProductDependency;
			productName = SixthSeat;
		};
/* End XCSwiftPackageProductDependency section */
	};
	rootObject = A000000000000000000001A1 /* Project object */;
}
